
Microsoft Visual Studio Solution File, Format Version 12.00
# Visual Studio Version 17
VisualStudioVersion = 17.5.33627.172
MinimumVisualStudioVersion = 10.0.40219.1
Project("{54A90642-561A-4BB1-A94E-469ADEE60C69}") = "probablyred.client", "ProbablyRed.Client\probablyred.client.esproj", "{71B73397-6CF2-4650-82E5-5B69D5CD9198}"
EndProject
Global
	GlobalSection(SolutionConfigurationPlatforms) = preSolution
		Debug|Any CPU = Debug|Any CPU
		Release|Any CPU = Release|Any CPU
	EndGlobalSection
	GlobalSection(ProjectConfigurationPlatforms) = postSolution
		{71B73397-6CF2-4650-82E5-5B69D5CD9198}.Debug|Any CPU.ActiveCfg = Debug|Any CPU
		{71B73397-6CF2-4650-82E5-5B69D5CD9198}.Debug|Any CPU.Build.0 = Debug|Any CPU
		{71B73397-6CF2-4650-82E5-5B69D5CD9198}.Debug|Any CPU.Deploy.0 = Debug|Any CPU
		{71B73397-6CF2-4650-82E5-5B69D5CD9198}.Release|Any CPU.ActiveCfg = Release|Any CPU
		{71B73397-6CF2-4650-82E5-5B69D5CD9198}.Release|Any CPU.Build.0 = Release|Any CPU
		{71B73397-6CF2-4650-82E5-5B69D5CD9198}.Release|Any CPU.Deploy.0 = Release|Any CPU
	EndGlobalSection
	GlobalSection(SolutionProperties) = preSolution
		HideSolutionNode = FALSE
	EndGlobalSection
	GlobalSection(ExtensibilityGlobals) = postSolution
		SolutionGuid = {48EE35FA-8B23-4855-B18F-53C2550003AA}
	EndGlobalSection
EndGlobal
